
Microsoft Visual Studio Solution File, Format Version 12.00
# Visual Studio 14
VisualStudioVersion = 14.0.24720.0
MinimumVisualStudioVersion = 10.0.40219.1
Project("{2150E333-8FDC-42A3-9474-1A3956D46DE8}") = "web", "web", "{EC80669C-A9F9-4E0D-8738-C6E642E97108}"
EndProject
Project("{FAE04EC0-301F-11D3-BF4B-00C04F79EFBC}") = "frontend", "frontend\frontend.csproj", "{4998108A-BDA1-498C-946B-D4E4227C9146}"
EndProject
Project("{2150E333-8FDC-42A3-9474-1A3956D46DE8}") = "lib", "lib", "{ADE166C7-14EF-42F1-B51C-8281EB553206}"
EndProject
Project("{FAE04EC0-301F-11D3-BF4B-00C04F79EFBC}") = "libAirports", "libAirports\libAirports.csproj", "{5A459071-AD14-4F86-AF03-6304FBBD43C5}"
EndProject
Project("{FAE04EC0-301F-11D3-BF4B-00C04F79EFBC}") = "libHotels", "libHotels\libHotels.csproj", "{6B8B62E0-5A95-4918-8588-780580240AC5}"
EndProject
Project("{FAE04EC0-301F-11D3-BF4B-00C04F79EFBC}") = "libFlightReservations", "libFlightReservations\libFlightReservations.csproj", "{86B4172E-6A3C-4417-A3D4-791478502AD7}"
EndProject
Global
	GlobalSection(SolutionConfigurationPlatforms) = preSolution
		Debug|Any CPU = Debug|Any CPU
		Release|Any CPU = Release|Any CPU
	EndGlobalSection
	GlobalSection(ProjectConfigurationPlatforms) = postSolution
		{4998108A-BDA1-498C-946B-D4E4227C9146}.Debug|Any CPU.ActiveCfg = Debug|Any CPU
		{4998108A-BDA1-498C-946B-D4E4227C9146}.Debug|Any CPU.Build.0 = Debug|Any CPU
		{4998108A-BDA1-498C-946B-D4E4227C9146}.Release|Any CPU.ActiveCfg = Release|Any CPU
		{4998108A-BDA1-498C-946B-D4E4227C9146}.Release|Any CPU.Build.0 = Release|Any CPU
		{5A459071-AD14-4F86-AF03-6304FBBD43C5}.Debug|Any CPU.ActiveCfg = Debug|Any CPU
		{5A459071-AD14-4F86-AF03-6304FBBD43C5}.Debug|Any CPU.Build.0 = Debug|Any CPU
		{5A459071-AD14-4F86-AF03-6304FBBD43C5}.Release|Any CPU.ActiveCfg = Release|Any CPU
		{5A459071-AD14-4F86-AF03-6304FBBD43C5}.Release|Any CPU.Build.0 = Release|Any CPU
		{6B8B62E0-5A95-4918-8588-780580240AC5}.Debug|Any CPU.ActiveCfg = Debug|Any CPU
		{6B8B62E0-5A95-4918-8588-780580240AC5}.Debug|Any CPU.Build.0 = Debug|Any CPU
		{6B8B62E0-5A95-4918-8588-780580240AC5}.Release|Any CPU.ActiveCfg = Release|Any CPU
		{6B8B62E0-5A95-4918-8588-780580240AC5}.Release|Any CPU.Build.0 = Release|Any CPU
		{86B4172E-6A3C-4417-A3D4-791478502AD7}.Debug|Any CPU.ActiveCfg = Debug|Any CPU
		{86B4172E-6A3C-4417-A3D4-791478502AD7}.Debug|Any CPU.Build.0 = Debug|Any CPU
		{86B4172E-6A3C-4417-A3D4-791478502AD7}.Release|Any CPU.ActiveCfg = Release|Any CPU
		{86B4172E-6A3C-4417-A3D4-791478502AD7}.Release|Any CPU.Build.0 = Release|Any CPU
	EndGlobalSection
	GlobalSection(SolutionProperties) = preSolution
		HideSolutionNode = FALSE
	EndGlobalSection
	GlobalSection(NestedProjects) = preSolution
		{4998108A-BDA1-498C-946B-D4E4227C9146} = {EC80669C-A9F9-4E0D-8738-C6E642E97108}
		{5A459071-AD14-4F86-AF03-6304FBBD43C5} = {ADE166C7-14EF-42F1-B51C-8281EB553206}
		{6B8B62E0-5A95-4918-8588-780580240AC5} = {ADE166C7-14EF-42F1-B51C-8281EB553206}
		{86B4172E-6A3C-4417-A3D4-791478502AD7} = {ADE166C7-14EF-42F1-B51C-8281EB553206}
	EndGlobalSection
EndGlobal
